{
    "_readme": [
        "This file locks the dependencies of your project to a known state",
        "Read more about it at https://getcomposer.org/doc/01-basic-usage.md#installing-dependencies",
        "This file is @generated automatically"
    ],
    "content-hash": "58f44bdd014c83075249a736a00647a0",
    "packages": [
        {
            "name": "rok9ru/trpo-core",
            "version": "dev-master",
            "source": {
                "type": "git",
                "url": "http://github.com/rok9ru/trpo-core",
                "reference": "master"
            },
            "type": "library",
            "autoload": {
                "classmap": [
                    "LogAbstract.php"
                ],
                "files": [
                    "EquationInterface.php",
                    "LogInterface.php"
                ]
            },
            "time": "2019-11-23T10:22:55+00:00"
        }
    ],
    "packages-dev": [],
    "aliases": [],
    "minimum-stability": "stable",
    "stability-flags": {
        "rok9ru/trpo-core": 20
    },
    "prefer-stable": false,
    "prefer-lowest": false,
    "platform": {
        "php": ">=7.3.0"
    },
    "platform-dev": [],
    "plugin-api-version": "1.1.0"
}
